
Microsoft Visual Studio Solution File, Format Version 12.00
# Visual Studio Version 17
VisualStudioVersion = 17.14.36616.10 d17.14
MinimumVisualStudioVersion = 10.0.40219.1
Project("{FAE04EC0-301F-11D3-BF4B-00C04F79EFBC}") = "CodeSupp", "CodeSupp\CodeSupp.csproj", "{18F74237-C112-484E-9D02-C37C2E6ADB79}"
EndProject
Global
	GlobalSection(SolutionConfigurationPlatforms) = preSolution
		Debug|Any CPU = Debug|Any CPU
		Release|Any CPU = Release|Any CPU
	EndGlobalSection
	GlobalSection(ProjectConfigurationPlatforms) = postSolution
		{18F74237-C112-484E-9D02-C37C2E6ADB79}.Debug|Any CPU.ActiveCfg = Debug|Any CPU
		{18F74237-C112-484E-9D02-C37C2E6ADB79}.Debug|Any CPU.Build.0 = Debug|Any CPU
		{18F74237-C112-484E-9D02-C37C2E6ADB79}.Release|Any CPU.ActiveCfg = Release|Any CPU
		{18F74237-C112-484E-9D02-C37C2E6ADB79}.Release|Any CPU.Build.0 = Release|Any CPU
	EndGlobalSection
	GlobalSection(SolutionProperties) = preSolution
		HideSolutionNode = FALSE
	EndGlobalSection
	GlobalSection(ExtensibilityGlobals) = postSolution
		SolutionGuid = {FD376746-CB35-4746-A3AA-99E48710E72E}
	EndGlobalSection
EndGlobal
